{
  "name": "public",
  "version": "1.0.0",
  "lockfileVersion": 1,
  "requires": true,
  "dependencies": {
    "@types/node": {
      "version": "13.13.4",
      "resolved": "https://registry.npm.taobao.org/@types/node/download/@types/node-13.13.4.tgz",
      "integrity": "sha1-FYHWwW49SAPrB5yH1KyJPudQHCw="
    }
  }
}
